
Microsoft Visual Studio Solution File, Format Version 12.00
# Visual Studio Version 17
VisualStudioVersion = 17.9.34714.143
MinimumVisualStudioVersion = 10.0.40219.1
Project("{2150E333-8FDC-42A3-9474-1A3956D46DE8}") = "Algorithms", "Algorithms", "{6F380512-D6B6-463F-992D-478C29404B53}"
EndProject
Project("{2150E333-8FDC-42A3-9474-1A3956D46DE8}") = "DesignPatterns", "DesignPatterns", "{CC115E25-BBB9-475E-9AE6-257BF395FDE8}"
EndProject
Project("{2150E333-8FDC-42A3-9474-1A3956D46DE8}") = "Concepts", "Concepts", "{C37B54D9-3972-43C4-A551-B84DD1BD52AF}"
EndProject
Project("{9A19103F-16F7-4668-BE54-9A1E7A4F7556}") = "DependencyInjection.Example", "Concepts\DependencyInjection.Example\DependencyInjection.Example.csproj", "{E80173E1-BD50-4F57-B1F2-CFB376BDF090}"
EndProject
Project("{2150E333-8FDC-42A3-9474-1A3956D46DE8}") = "Trees", "Trees", "{7DE9AD5A-4D0A-49A6-A71B-2CC8517D0D64}"
EndProject
Project("{2150E333-8FDC-42A3-9474-1A3956D46DE8}") = "Sorting", "Sorting", "{D7D5648F-0283-4EC4-8EE6-72C3AFD016E8}"
EndProject
Project("{2150E333-8FDC-42A3-9474-1A3956D46DE8}") = "Creational", "Creational", "{FB2FAAAC-C8FA-473C-B862-206AC0990B84}"
EndProject
Project("{2150E333-8FDC-42A3-9474-1A3956D46DE8}") = "Structural", "Structural", "{9A2D82DF-1697-4279-81D8-94D57ECC76DD}"
EndProject
Project("{2150E333-8FDC-42A3-9474-1A3956D46DE8}") = "Behavioural", "Behavioural", "{02CC5785-BB90-4055-9C08-8598EE6098B4}"
EndProject
Project("{9A19103F-16F7-4668-BE54-9A1E7A4F7556}") = "Singleton.Exmaple", "DesignPatterns\Creational\Singleton.Exmaple\Singleton.Exmaple.csproj", "{C4FC004F-77EC-44E8-A282-2356083A5864}"
EndProject
Project("{9A19103F-16F7-4668-BE54-9A1E7A4F7556}") = "Factory.Example", "DesignPatterns\Creational\Factory.Example\Factory.Example.csproj", "{D47B8EDB-D846-4800-833D-3D11E37E6BD0}"
EndProject
Project("{9A19103F-16F7-4668-BE54-9A1E7A4F7556}") = "AbstractFactory.Example", "DesignPatterns\Creational\AbstractFactory.Example\AbstractFactory.Example.csproj", "{1E4019C4-39A3-4449-8362-08E717C608FA}"
EndProject
Project("{9A19103F-16F7-4668-BE54-9A1E7A4F7556}") = "Builder.Example", "DesignPatterns\Creational\Builder.Example\Builder.Example.csproj", "{CBB117C3-7E1F-4D8E-9623-0A575A434F48}"
EndProject
Project("{9A19103F-16F7-4668-BE54-9A1E7A4F7556}") = "Prototype.Example", "DesignPatterns\Creational\Prototype.Example\Prototype.Example.csproj", "{8C621ABF-74C0-410E-A6CE-077A735E3206}"
EndProject
Project("{FAE04EC0-301F-11D3-BF4B-00C04F79EFBC}") = "Adapter.Example", "DesignPatterns\Structural\Adapter.Example\Adapter.Example.csproj", "{4ECE9F99-388A-430B-B7D3-1715054E7AE4}"
EndProject
Project("{FAE04EC0-301F-11D3-BF4B-00C04F79EFBC}") = "Bridge.Example", "DesignPatterns\Structural\Bridge.Example\Bridge.Example.csproj", "{5CA7FD5C-EB67-4253-9E94-2CFC834BCD43}"
EndProject
Project("{FAE04EC0-301F-11D3-BF4B-00C04F79EFBC}") = "Composite.Example", "DesignPatterns\Structural\Composite.Example\Composite.Example.csproj", "{244CF881-735E-4696-BA7B-1ACF732C5143}"
EndProject
Project("{FAE04EC0-301F-11D3-BF4B-00C04F79EFBC}") = "Decorator.Example", "DesignPatterns\Structural\Decorator.Example\Decorator.Example.csproj", "{56101F17-D243-4516-A63F-12BABB90EBC6}"
EndProject
Project("{FAE04EC0-301F-11D3-BF4B-00C04F79EFBC}") = "Facade.Example", "DesignPatterns\Structural\Facade.Example\Facade.Example.csproj", "{C1B1F52A-B714-43AC-8E54-40E8CCBD9F91}"
EndProject
Project("{FAE04EC0-301F-11D3-BF4B-00C04F79EFBC}") = "Flyweight.Example", "DesignPatterns\Structural\Flyweight.Example\Flyweight.Example.csproj", "{BA9E7BA3-15C6-4DCD-9760-BA63F2E6351E}"
EndProject
Project("{FAE04EC0-301F-11D3-BF4B-00C04F79EFBC}") = "Proxy.Example", "DesignPatterns\Structural\Proxy.Example\Proxy.Example.csproj", "{3EF16377-8881-4548-9C1B-72791B2A1176}"
EndProject
Global
	GlobalSection(SolutionConfigurationPlatforms) = preSolution
		Debug|Any CPU = Debug|Any CPU
		Release|Any CPU = Release|Any CPU
	EndGlobalSection
	GlobalSection(ProjectConfigurationPlatforms) = postSolution
		{E80173E1-BD50-4F57-B1F2-CFB376BDF090}.Debug|Any CPU.ActiveCfg = Debug|Any CPU
		{E80173E1-BD50-4F57-B1F2-CFB376BDF090}.Debug|Any CPU.Build.0 = Debug|Any CPU
		{E80173E1-BD50-4F57-B1F2-CFB376BDF090}.Release|Any CPU.ActiveCfg = Release|Any CPU
		{E80173E1-BD50-4F57-B1F2-CFB376BDF090}.Release|Any CPU.Build.0 = Release|Any CPU
		{C4FC004F-77EC-44E8-A282-2356083A5864}.Debug|Any CPU.ActiveCfg = Debug|Any CPU
		{C4FC004F-77EC-44E8-A282-2356083A5864}.Debug|Any CPU.Build.0 = Debug|Any CPU
		{C4FC004F-77EC-44E8-A282-2356083A5864}.Release|Any CPU.ActiveCfg = Release|Any CPU
		{C4FC004F-77EC-44E8-A282-2356083A5864}.Release|Any CPU.Build.0 = Release|Any CPU
		{D47B8EDB-D846-4800-833D-3D11E37E6BD0}.Debug|Any CPU.ActiveCfg = Debug|Any CPU
		{D47B8EDB-D846-4800-833D-3D11E37E6BD0}.Debug|Any CPU.Build.0 = Debug|Any CPU
		{D47B8EDB-D846-4800-833D-3D11E37E6BD0}.Release|Any CPU.ActiveCfg = Release|Any CPU
		{D47B8EDB-D846-4800-833D-3D11E37E6BD0}.Release|Any CPU.Build.0 = Release|Any CPU
		{1E4019C4-39A3-4449-8362-08E717C608FA}.Debug|Any CPU.ActiveCfg = Debug|Any CPU
		{1E4019C4-39A3-4449-8362-08E717C608FA}.Debug|Any CPU.Build.0 = Debug|Any CPU
		{1E4019C4-39A3-4449-8362-08E717C608FA}.Release|Any CPU.ActiveCfg = Release|Any CPU
		{1E4019C4-39A3-4449-8362-08E717C608FA}.Release|Any CPU.Build.0 = Release|Any CPU
		{CBB117C3-7E1F-4D8E-9623-0A575A434F48}.Debug|Any CPU.ActiveCfg = Debug|Any CPU
		{CBB117C3-7E1F-4D8E-9623-0A575A434F48}.Debug|Any CPU.Build.0 = Debug|Any CPU
		{CBB117C3-7E1F-4D8E-9623-0A575A434F48}.Release|Any CPU.ActiveCfg = Release|Any CPU
		{CBB117C3-7E1F-4D8E-9623-0A575A434F48}.Release|Any CPU.Build.0 = Release|Any CPU
		{8C621ABF-74C0-410E-A6CE-077A735E3206}.Debug|Any CPU.ActiveCfg = Debug|Any CPU
		{8C621ABF-74C0-410E-A6CE-077A735E3206}.Debug|Any CPU.Build.0 = Debug|Any CPU
		{8C621ABF-74C0-410E-A6CE-077A735E3206}.Release|Any CPU.ActiveCfg = Release|Any CPU
		{8C621ABF-74C0-410E-A6CE-077A735E3206}.Release|Any CPU.Build.0 = Release|Any CPU
		{4ECE9F99-388A-430B-B7D3-1715054E7AE4}.Debug|Any CPU.ActiveCfg = Debug|Any CPU
		{4ECE9F99-388A-430B-B7D3-1715054E7AE4}.Debug|Any CPU.Build.0 = Debug|Any CPU
		{4ECE9F99-388A-430B-B7D3-1715054E7AE4}.Release|Any CPU.ActiveCfg = Release|Any CPU
		{4ECE9F99-388A-430B-B7D3-1715054E7AE4}.Release|Any CPU.Build.0 = Release|Any CPU
		{5CA7FD5C-EB67-4253-9E94-2CFC834BCD43}.Debug|Any CPU.ActiveCfg = Debug|Any CPU
		{5CA7FD5C-EB67-4253-9E94-2CFC834BCD43}.Debug|Any CPU.Build.0 = Debug|Any CPU
		{5CA7FD5C-EB67-4253-9E94-2CFC834BCD43}.Release|Any CPU.ActiveCfg = Release|Any CPU
		{5CA7FD5C-EB67-4253-9E94-2CFC834BCD43}.Release|Any CPU.Build.0 = Release|Any CPU
		{244CF881-735E-4696-BA7B-1ACF732C5143}.Debug|Any CPU.ActiveCfg = Debug|Any CPU
		{244CF881-735E-4696-BA7B-1ACF732C5143}.Debug|Any CPU.Build.0 = Debug|Any CPU
		{244CF881-735E-4696-BA7B-1ACF732C5143}.Release|Any CPU.ActiveCfg = Release|Any CPU
		{244CF881-735E-4696-BA7B-1ACF732C5143}.Release|Any CPU.Build.0 = Release|Any CPU
		{56101F17-D243-4516-A63F-12BABB90EBC6}.Debug|Any CPU.ActiveCfg = Debug|Any CPU
		{56101F17-D243-4516-A63F-12BABB90EBC6}.Debug|Any CPU.Build.0 = Debug|Any CPU
		{56101F17-D243-4516-A63F-12BABB90EBC6}.Release|Any CPU.ActiveCfg = Release|Any CPU
		{56101F17-D243-4516-A63F-12BABB90EBC6}.Release|Any CPU.Build.0 = Release|Any CPU
		{C1B1F52A-B714-43AC-8E54-40E8CCBD9F91}.Debug|Any CPU.ActiveCfg = Debug|Any CPU
		{C1B1F52A-B714-43AC-8E54-40E8CCBD9F91}.Debug|Any CPU.Build.0 = Debug|Any CPU
		{C1B1F52A-B714-43AC-8E54-40E8CCBD9F91}.Release|Any CPU.ActiveCfg = Release|Any CPU
		{C1B1F52A-B714-43AC-8E54-40E8CCBD9F91}.Release|Any CPU.Build.0 = Release|Any CPU
		{BA9E7BA3-15C6-4DCD-9760-BA63F2E6351E}.Debug|Any CPU.ActiveCfg = Debug|Any CPU
		{BA9E7BA3-15C6-4DCD-9760-BA63F2E6351E}.Debug|Any CPU.Build.0 = Debug|Any CPU
		{BA9E7BA3-15C6-4DCD-9760-BA63F2E6351E}.Release|Any CPU.ActiveCfg = Release|Any CPU
		{BA9E7BA3-15C6-4DCD-9760-BA63F2E6351E}.Release|Any CPU.Build.0 = Release|Any CPU
		{3EF16377-8881-4548-9C1B-72791B2A1176}.Debug|Any CPU.ActiveCfg = Debug|Any CPU
		{3EF16377-8881-4548-9C1B-72791B2A1176}.Debug|Any CPU.Build.0 = Debug|Any CPU
		{3EF16377-8881-4548-9C1B-72791B2A1176}.Release|Any CPU.ActiveCfg = Release|Any CPU
		{3EF16377-8881-4548-9C1B-72791B2A1176}.Release|Any CPU.Build.0 = Release|Any CPU
	EndGlobalSection
	GlobalSection(SolutionProperties) = preSolution
		HideSolutionNode = FALSE
	EndGlobalSection
	GlobalSection(NestedProjects) = preSolution
		{E80173E1-BD50-4F57-B1F2-CFB376BDF090} = {C37B54D9-3972-43C4-A551-B84DD1BD52AF}
		{7DE9AD5A-4D0A-49A6-A71B-2CC8517D0D64} = {6F380512-D6B6-463F-992D-478C29404B53}
		{D7D5648F-0283-4EC4-8EE6-72C3AFD016E8} = {6F380512-D6B6-463F-992D-478C29404B53}
		{FB2FAAAC-C8FA-473C-B862-206AC0990B84} = {CC115E25-BBB9-475E-9AE6-257BF395FDE8}
		{9A2D82DF-1697-4279-81D8-94D57ECC76DD} = {CC115E25-BBB9-475E-9AE6-257BF395FDE8}
		{02CC5785-BB90-4055-9C08-8598EE6098B4} = {CC115E25-BBB9-475E-9AE6-257BF395FDE8}
		{C4FC004F-77EC-44E8-A282-2356083A5864} = {FB2FAAAC-C8FA-473C-B862-206AC0990B84}
		{D47B8EDB-D846-4800-833D-3D11E37E6BD0} = {FB2FAAAC-C8FA-473C-B862-206AC0990B84}
		{1E4019C4-39A3-4449-8362-08E717C608FA} = {FB2FAAAC-C8FA-473C-B862-206AC0990B84}
		{CBB117C3-7E1F-4D8E-9623-0A575A434F48} = {FB2FAAAC-C8FA-473C-B862-206AC0990B84}
		{8C621ABF-74C0-410E-A6CE-077A735E3206} = {FB2FAAAC-C8FA-473C-B862-206AC0990B84}
		{4ECE9F99-388A-430B-B7D3-1715054E7AE4} = {9A2D82DF-1697-4279-81D8-94D57ECC76DD}
		{5CA7FD5C-EB67-4253-9E94-2CFC834BCD43} = {9A2D82DF-1697-4279-81D8-94D57ECC76DD}
		{244CF881-735E-4696-BA7B-1ACF732C5143} = {9A2D82DF-1697-4279-81D8-94D57ECC76DD}
		{56101F17-D243-4516-A63F-12BABB90EBC6} = {9A2D82DF-1697-4279-81D8-94D57ECC76DD}
		{C1B1F52A-B714-43AC-8E54-40E8CCBD9F91} = {9A2D82DF-1697-4279-81D8-94D57ECC76DD}
		{BA9E7BA3-15C6-4DCD-9760-BA63F2E6351E} = {9A2D82DF-1697-4279-81D8-94D57ECC76DD}
		{3EF16377-8881-4548-9C1B-72791B2A1176} = {9A2D82DF-1697-4279-81D8-94D57ECC76DD}
	EndGlobalSection
	GlobalSection(ExtensibilityGlobals) = postSolution
		SolutionGuid = {7966F71E-5C87-44EF-B474-6CC28AC34096}
	EndGlobalSection
EndGlobal
